
Microsoft Visual Studio Solution File, Format Version 12.00
# Visual Studio Version 16
VisualStudioVersion = 16.0.30128.74
MinimumVisualStudioVersion = 10.0.40219.1
Project("{9A19103F-16F7-4668-BE54-9A1E7A4F7556}") = "HomeWork", "HomeWork\HomeWork.csproj", "{C313EF98-0652-4DE8-8CEF-466E4775B9E3}"
EndProject
Project("{9A19103F-16F7-4668-BE54-9A1E7A4F7556}") = "LinkedListProject", "LinkedListProject\LinkedListProject.csproj", "{6F09D877-5320-400E-B8B6-C6C9A9981171}"
EndProject
Project("{9A19103F-16F7-4668-BE54-9A1E7A4F7556}") = "LinkedListTest", "LinkedListTest\LinkedListTest.csproj", "{C473F11B-F302-49EC-ADD0-81DF2C1D400D}"
EndProject
Global
	GlobalSection(SolutionConfigurationPlatforms) = preSolution
		Debug|Any CPU = Debug|Any CPU
		Release|Any CPU = Release|Any CPU
	EndGlobalSection
	GlobalSection(ProjectConfigurationPlatforms) = postSolution
		{C313EF98-0652-4DE8-8CEF-466E4775B9E3}.Debug|Any CPU.ActiveCfg = Debug|Any CPU
		{C313EF98-0652-4DE8-8CEF-466E4775B9E3}.Debug|Any CPU.Build.0 = Debug|Any CPU
		{C313EF98-0652-4DE8-8CEF-466E4775B9E3}.Release|Any CPU.ActiveCfg = Release|Any CPU
		{C313EF98-0652-4DE8-8CEF-466E4775B9E3}.Release|Any CPU.Build.0 = Release|Any CPU
		{6F09D877-5320-400E-B8B6-C6C9A9981171}.Debug|Any CPU.ActiveCfg = Debug|Any CPU
		{6F09D877-5320-400E-B8B6-C6C9A9981171}.Debug|Any CPU.Build.0 = Debug|Any CPU
		{6F09D877-5320-400E-B8B6-C6C9A9981171}.Release|Any CPU.ActiveCfg = Release|Any CPU
		{6F09D877-5320-400E-B8B6-C6C9A9981171}.Release|Any CPU.Build.0 = Release|Any CPU
		{C473F11B-F302-49EC-ADD0-81DF2C1D400D}.Debug|Any CPU.ActiveCfg = Debug|Any CPU
		{C473F11B-F302-49EC-ADD0-81DF2C1D400D}.Debug|Any CPU.Build.0 = Debug|Any CPU
		{C473F11B-F302-49EC-ADD0-81DF2C1D400D}.Release|Any CPU.ActiveCfg = Release|Any CPU
		{C473F11B-F302-49EC-ADD0-81DF2C1D400D}.Release|Any CPU.Build.0 = Release|Any CPU
	EndGlobalSection
	GlobalSection(SolutionProperties) = preSolution
		HideSolutionNode = FALSE
	EndGlobalSection
	GlobalSection(ExtensibilityGlobals) = postSolution
		SolutionGuid = {98A94538-F016-4B52-99E3-B2A509477B76}
	EndGlobalSection
EndGlobal
